// !$*UTF8*$!
{
	archiveVersion = 1;
	classes = {
	};
	objectVersion = 60;
	objects = {

/* Begin PBXBuildFile section */
		C93C67472CD4C0690013247A /* LPCodeField.swift in Sources */ = {isa = PBXBuildFile; fileRef = C93C67462CD4C0690013247A /* LPCodeField.swift */; };
		C93C67492CD89C1F0013247A /* LPDataManager.swift in Sources */ = {isa = PBXBuildFile; fileRef = C93C67482CD89C1F0013247A /* LPDataManager.swift */; };
		C93C674B2CD89C460013247A /* LPMineCenterModel.swift in Sources */ = {isa = PBXBuildFile; fileRef = C93C674A2CD89C460013247A /* LPMineCenterModel.swift */; };
		C93C67502CD8C1850013247A /* LPBillListVC.swift in Sources */ = {isa = PBXBuildFile; fileRef = C93C674F2CD8C1850013247A /* LPBillListVC.swift */; };
		C93C67592CD9043F0013247A /* LPHomeFootView.swift in Sources */ = {isa = PBXBuildFile; fileRef = C93C67582CD9043F0013247A /* LPHomeFootView.swift */; };
		C93C675B2CD9044C0013247A /* LPHomeLargeCardView.swift in Sources */ = {isa = PBXBuildFile; fileRef = C93C675A2CD9044C0013247A /* LPHomeLargeCardView.swift */; };
		C93C675E2CD908830013247A /* LPHomeProductCell.xib in Resources */ = {isa = PBXBuildFile; fileRef = C93C675D2CD908830013247A /* LPHomeProductCell.xib */; };
		C93C675F2CD908830013247A /* LPHomeProductCell.swift in Sources */ = {isa = PBXBuildFile; fileRef = C93C675C2CD908830013247A /* LPHomeProductCell.swift */; };
		C93C67622CD90A6A0013247A /* LPHomeLargeCardCell.xib in Resources */ = {isa = PBXBuildFile; fileRef = C93C67612CD90A6A0013247A /* LPHomeLargeCardCell.xib */; };
		C93C67632CD90A6A0013247A /* LPHomeLargeCardCell.swift in Sources */ = {isa = PBXBuildFile; fileRef = C93C67602CD90A6A0013247A /* LPHomeLargeCardCell.swift */; };
		C93C67652CD912840013247A /* LPHomeSmallCardView.swift in Sources */ = {isa = PBXBuildFile; fileRef = C93C67642CD912840013247A /* LPHomeSmallCardView.swift */; };
		C93C67692CD9F0B10013247A /* LPHomeNotiView.swift in Sources */ = {isa = PBXBuildFile; fileRef = C93C67682CD9F0B10013247A /* LPHomeNotiView.swift */; };
		C9434ECE2CE32B9B0045EF75 /* LPAuthIdentityHeadView.swift in Sources */ = {isa = PBXBuildFile; fileRef = C9434ECD2CE32B9B0045EF75 /* LPAuthIdentityHeadView.swift */; };
		C9434ED02CE3316C0045EF75 /* LPAuthIdentityModel.swift in Sources */ = {isa = PBXBuildFile; fileRef = C9434ECF2CE3316C0045EF75 /* LPAuthIdentityModel.swift */; };
		C9434ED22CE35B960045EF75 /* LPAuthGroupCell.swift in Sources */ = {isa = PBXBuildFile; fileRef = C9434ED12CE35B960045EF75 /* LPAuthGroupCell.swift */; };
		C9434ED42CE35EFE0045EF75 /* LPPhotoAlertView.swift in Sources */ = {isa = PBXBuildFile; fileRef = C9434ED32CE35EFE0045EF75 /* LPPhotoAlertView.swift */; };
		C9434ED62CE44E940045EF75 /* LPOptionView.swift in Sources */ = {isa = PBXBuildFile; fileRef = C9434ED52CE44E940045EF75 /* LPOptionView.swift */; };
		C9434EDA2CE4A25F0045EF75 /* LPAuthBankModel.swift in Sources */ = {isa = PBXBuildFile; fileRef = C9434ED92CE4A25F0045EF75 /* LPAuthBankModel.swift */; };
		C9434EDC2CE4A6C80045EF75 /* LPChannelSelectView.swift in Sources */ = {isa = PBXBuildFile; fileRef = C9434EDB2CE4A6C80045EF75 /* LPChannelSelectView.swift */; };
		C9434EE22CE4A9640045EF75 /* LPChannelCell.swift in Sources */ = {isa = PBXBuildFile; fileRef = C9434EE12CE4A9640045EF75 /* LPChannelCell.swift */; };
		C9434EE42CE4ABFD0045EF75 /* Roboto-Regular.ttf in Resources */ = {isa = PBXBuildFile; fileRef = C9434EE32CE4ABFD0045EF75 /* Roboto-Regular.ttf */; };
		C9434EE62CE4AE2F0045EF75 /* LPAuthWalletView.swift in Sources */ = {isa = PBXBuildFile; fileRef = C9434EE52CE4AE2F0045EF75 /* LPAuthWalletView.swift */; };
		C9434EE82CE4AE3C0045EF75 /* LPAuthBankView.swift in Sources */ = {isa = PBXBuildFile; fileRef = C9434EE72CE4AE3C0045EF75 /* LPAuthBankView.swift */; };
		C9434EEF2CE4B6960045EF75 /* LPAuthWalletSelectCell.swift in Sources */ = {isa = PBXBuildFile; fileRef = C9434EED2CE4B6960045EF75 /* LPAuthWalletSelectCell.swift */; };
		C9434EF02CE4B6960045EF75 /* LPAuthWalletSelectCell.xib in Resources */ = {isa = PBXBuildFile; fileRef = C9434EEE2CE4B6960045EF75 /* LPAuthWalletSelectCell.xib */; };
		C9434EF92CE5E6FE0045EF75 /* LPBillCell.swift in Sources */ = {isa = PBXBuildFile; fileRef = C9434EF82CE5E6FE0045EF75 /* LPBillCell.swift */; };
		C9434EFB2CE5E9F70045EF75 /* LPBillModel.swift in Sources */ = {isa = PBXBuildFile; fileRef = C9434EFA2CE5E9F70045EF75 /* LPBillModel.swift */; };
		C948D86F2CDA1A0C00A17C26 /* LPApplyModel.swift in Sources */ = {isa = PBXBuildFile; fileRef = C948D86E2CDA1A0C00A17C26 /* LPApplyModel.swift */; };
		C948D8772CDC5E5A00A17C26 /* LPDialogAlertView.swift in Sources */ = {isa = PBXBuildFile; fileRef = C948D8762CDC5E5A00A17C26 /* LPDialogAlertView.swift */; };
		C948D8792CDC607200A17C26 /* LPApplyManager.swift in Sources */ = {isa = PBXBuildFile; fileRef = C948D8782CDC607200A17C26 /* LPApplyManager.swift */; };
		C948D87B2CDC6BA100A17C26 /* LPAuthBasicVC.swift in Sources */ = {isa = PBXBuildFile; fileRef = C948D87A2CDC6BA100A17C26 /* LPAuthBasicVC.swift */; };
		C948D87D2CDC6BB800A17C26 /* LPAuthContactVC.swift in Sources */ = {isa = PBXBuildFile; fileRef = C948D87C2CDC6BB800A17C26 /* LPAuthContactVC.swift */; };
		C948D87F2CDC6BDD00A17C26 /* LPAuthIdentityVC.swift in Sources */ = {isa = PBXBuildFile; fileRef = C948D87E2CDC6BDD00A17C26 /* LPAuthIdentityVC.swift */; };
		C948D8812CDC6C0900A17C26 /* LPAuthFaceVC.swift in Sources */ = {isa = PBXBuildFile; fileRef = C948D8802CDC6C0900A17C26 /* LPAuthFaceVC.swift */; };
		C948D8832CDC6C1600A17C26 /* LPAuthBankVC.swift in Sources */ = {isa = PBXBuildFile; fileRef = C948D8822CDC6C1600A17C26 /* LPAuthBankVC.swift */; };
		C948D8852CDC924C00A17C26 /* LPAuthBasicModel.swift in Sources */ = {isa = PBXBuildFile; fileRef = C948D8842CDC924C00A17C26 /* LPAuthBasicModel.swift */; };
		C948D8882CDC92BE00A17C26 /* LPSelectCell.xib in Resources */ = {isa = PBXBuildFile; fileRef = C948D8872CDC92BE00A17C26 /* LPSelectCell.xib */; };
		C948D8892CDC92BE00A17C26 /* LPSelectCell.swift in Sources */ = {isa = PBXBuildFile; fileRef = C948D8862CDC92BE00A17C26 /* LPSelectCell.swift */; };
		C948D88B2CDCC1F600A17C26 /* LPAuthStepView.swift in Sources */ = {isa = PBXBuildFile; fileRef = C948D88A2CDCC1F600A17C26 /* LPAuthStepView.swift */; };
		C948D88D2CDDC35E00A17C26 /* LPAuthBaseVC.swift in Sources */ = {isa = PBXBuildFile; fileRef = C948D88C2CDDC35E00A17C26 /* LPAuthBaseVC.swift */; };
		C948D8902CDF477F00A17C26 /* LPAuthGroupHeadView.swift in Sources */ = {isa = PBXBuildFile; fileRef = C948D88F2CDF477F00A17C26 /* LPAuthGroupHeadView.swift */; };
		C948D8922CDF47CA00A17C26 /* LPAuthItemCell.swift in Sources */ = {isa = PBXBuildFile; fileRef = C948D8912CDF47CA00A17C26 /* LPAuthItemCell.swift */; };
		C958E2AC2CD23DA90035AF44 /* LPBaseModel.swift in Sources */ = {isa = PBXBuildFile; fileRef = C958E2AB2CD23DA90035AF44 /* LPBaseModel.swift */; };
		C958E2AF2CD242D10035AF44 /* LPRequestManager.swift in Sources */ = {isa = PBXBuildFile; fileRef = C958E2AE2CD242D10035AF44 /* LPRequestManager.swift */; };
		C958E2B12CD242E30035AF44 /* LPRequestAPI.swift in Sources */ = {isa = PBXBuildFile; fileRef = C958E2B02CD242E30035AF44 /* LPRequestAPI.swift */; };
		C958E2B32CD320720035AF44 /* LPHomeDataModel.swift in Sources */ = {isa = PBXBuildFile; fileRef = C958E2B22CD320720035AF44 /* LPHomeDataModel.swift */; };
		C958E2B82CD37E4A0035AF44 /* LPBaseVC.swift in Sources */ = {isa = PBXBuildFile; fileRef = C958E2B72CD37E4A0035AF44 /* LPBaseVC.swift */; };
		C958E2BA2CD380E00035AF44 /* LPNaviBar.swift in Sources */ = {isa = PBXBuildFile; fileRef = C958E2B92CD380E00035AF44 /* LPNaviBar.swift */; };
		C958E2BD2CD4721E0035AF44 /* LPLoginManager.swift in Sources */ = {isa = PBXBuildFile; fileRef = C958E2BC2CD4721E0035AF44 /* LPLoginManager.swift */; };
		C958E2BF2CD4735B0035AF44 /* LPLoginVC.swift in Sources */ = {isa = PBXBuildFile; fileRef = C958E2BE2CD4735B0035AF44 /* LPLoginVC.swift */; };
		C958E2C32CD47A3B0035AF44 /* LPLoginModel.swift in Sources */ = {isa = PBXBuildFile; fileRef = C958E2C22CD47A3B0035AF44 /* LPLoginModel.swift */; };
		C958E2C52CD47EF20035AF44 /* LPLoginCodeVC.swift in Sources */ = {isa = PBXBuildFile; fileRef = C958E2C42CD47EF20035AF44 /* LPLoginCodeVC.swift */; };
		C99EE4FF2CCB3D50008201D9 /* AppDelegate.swift in Sources */ = {isa = PBXBuildFile; fileRef = C99EE4F52CCB3D50008201D9 /* AppDelegate.swift */; };
		C99EE5012CCB3D50008201D9 /* LPHomeVC.swift in Sources */ = {isa = PBXBuildFile; fileRef = C99EE4FD2CCB3D50008201D9 /* LPHomeVC.swift */; };
		C99EE5022CCB3D50008201D9 /* Assets.xcassets in Resources */ = {isa = PBXBuildFile; fileRef = C99EE4F62CCB3D50008201D9 /* Assets.xcassets */; };
		C99EE5042CCB3D50008201D9 /* LaunchScreen.storyboard in Resources */ = {isa = PBXBuildFile; fileRef = C99EE4F92CCB3D50008201D9 /* LaunchScreen.storyboard */; };
		C99EE5052CCB3D50008201D9 /* Main.storyboard in Resources */ = {isa = PBXBuildFile; fileRef = C99EE4FB2CCB3D50008201D9 /* Main.storyboard */; };
		C99EE5112CCB4117008201D9 /* LPDefine.swift in Sources */ = {isa = PBXBuildFile; fileRef = C99EE5102CCB4117008201D9 /* LPDefine.swift */; };
		C99EE5142CCB43AB008201D9 /* Roboto-Medium.ttf in Resources */ = {isa = PBXBuildFile; fileRef = C99EE5132CCB43AB008201D9 /* Roboto-Medium.ttf */; };
		C99EE5162CCB4423008201D9 /* Extensions.swift in Sources */ = {isa = PBXBuildFile; fileRef = C99EE5152CCB4423008201D9 /* Extensions.swift */; };
		C99EE5182CCB45BB008201D9 /* LPTools.swift in Sources */ = {isa = PBXBuildFile; fileRef = C99EE5172CCB45BB008201D9 /* LPTools.swift */; };
		C99EE51A2CCB4D68008201D9 /* LPMyView.swift in Sources */ = {isa = PBXBuildFile; fileRef = C99EE5192CCB4D68008201D9 /* LPMyView.swift */; };
		C99EE51D2CCB6E73008201D9 /* LPRouteManager.swift in Sources */ = {isa = PBXBuildFile; fileRef = C99EE51C2CCB6E73008201D9 /* LPRouteManager.swift */; };
		C99EE5212CCB7DD9008201D9 /* DeviceExt.swift in Sources */ = {isa = PBXBuildFile; fileRef = C99EE5202CCB7DD9008201D9 /* DeviceExt.swift */; };
		C99EE5262CCB8A84008201D9 /* LPMyCenterCell.swift in Sources */ = {isa = PBXBuildFile; fileRef = C99EE5242CCB8A84008201D9 /* LPMyCenterCell.swift */; };
		C99EE5272CCB8A84008201D9 /* LPMyCenterCell.xib in Resources */ = {isa = PBXBuildFile; fileRef = C99EE5252CCB8A84008201D9 /* LPMyCenterCell.xib */; };
		C99EE52A2CCBA2FF008201D9 /* LPAlertView.swift in Sources */ = {isa = PBXBuildFile; fileRef = C99EE5292CCBA2FF008201D9 /* LPAlertView.swift */; };
		C99EE5312CD1DC37008201D9 /* LPToastView.swift in Sources */ = {isa = PBXBuildFile; fileRef = C99EE5302CD1DC37008201D9 /* LPToastView.swift */; };
		C99EE5392CD209E4008201D9 /* LPKaychainTools.swift in Sources */ = {isa = PBXBuildFile; fileRef = C99EE5382CD209E4008201D9 /* LPKaychainTools.swift */; };
		C99EE53B2CD20DF8008201D9 /* LPIdfaManager.swift in Sources */ = {isa = PBXBuildFile; fileRef = C99EE53A2CD20DF8008201D9 /* LPIdfaManager.swift */; };
		C99EE53D2CD20ECE008201D9 /* LPLocationManager.swift in Sources */ = {isa = PBXBuildFile; fileRef = C99EE53C2CD20ECE008201D9 /* LPLocationManager.swift */; };
		C99EE53F2CD22107008201D9 /* LPDeviceInfoManager.swift in Sources */ = {isa = PBXBuildFile; fileRef = C99EE53E2CD22107008201D9 /* LPDeviceInfoManager.swift */; };
		C9BE52762CE1F1840048D0F3 /* LPDatePickerView.swift in Sources */ = {isa = PBXBuildFile; fileRef = C9BE52752CE1F1840048D0F3 /* LPDatePickerView.swift */; };
		C9BE52782CE223EA0048D0F3 /* LPAuthConcactModel.swift in Sources */ = {isa = PBXBuildFile; fileRef = C9BE52772CE223EA0048D0F3 /* LPAuthConcactModel.swift */; };
		C9BE527B2CE2269C0048D0F3 /* LPAuthConcactCell.xib in Resources */ = {isa = PBXBuildFile; fileRef = C9BE527A2CE2269C0048D0F3 /* LPAuthConcactCell.xib */; };
		C9BE527C2CE2269C0048D0F3 /* LPAuthConcactCell.swift in Sources */ = {isa = PBXBuildFile; fileRef = C9BE52792CE2269C0048D0F3 /* LPAuthConcactCell.swift */; };
		C9BE527E2CE231C20048D0F3 /* LPContactManager.swift in Sources */ = {isa = PBXBuildFile; fileRef = C9BE527D2CE231C20048D0F3 /* LPContactManager.swift */; };
		C9BE52802CE2F2190048D0F3 /* LPAuthFaceModel.swift in Sources */ = {isa = PBXBuildFile; fileRef = C9BE527F2CE2F2190048D0F3 /* LPAuthFaceModel.swift */; };
		C9E720AA2CEB2D8700198E66 /* LPHomeAlertView.swift in Sources */ = {isa = PBXBuildFile; fileRef = C9E720A92CEB2D8700198E66 /* LPHomeAlertView.swift */; };
		C9E720B12CEC727500198E66 /* LPBillPlanCell.xib in Resources */ = {isa = PBXBuildFile; fileRef = C9E720B02CEC727500198E66 /* LPBillPlanCell.xib */; };
		C9E720B22CEC727500198E66 /* LPBillPlanCell.swift in Sources */ = {isa = PBXBuildFile; fileRef = C9E720AF2CEC727500198E66 /* LPBillPlanCell.swift */; };
		C9E720B42CEC7BFE00198E66 /* LPBillEmptyCell.swift in Sources */ = {isa = PBXBuildFile; fileRef = C9E720B32CEC7BFE00198E66 /* LPBillEmptyCell.swift */; };
		C9E720B62CECADE400198E66 /* LPBaseWebVC.swift in Sources */ = {isa = PBXBuildFile; fileRef = C9E720B52CECADE400198E66 /* LPBaseWebVC.swift */; };
		C9E720BA2CED848E00198E66 /* LPWebTools.swift in Sources */ = {isa = PBXBuildFile; fileRef = C9E720B92CED848E00198E66 /* LPWebTools.swift */; };
		F9736E914CA26AC69998B70C /* libPods-LPeso.a in Frameworks */ = {isa = PBXBuildFile; fileRef = AFD7BC216CD7B0C253D2F00C /* libPods-LPeso.a */; };
/* End PBXBuildFile section */

/* Begin PBXFileReference section */
		019D46082CE366D100E5465B /* LPeso-Bridging-Header.h */ = {isa = PBXFileReference; lastKnownFileType = sourcecode.c.h; path = "LPeso-Bridging-Header.h"; sourceTree = "<group>"; };
		7C1DB8736C95FD31D6939C28 /* Pods-LPeso.release.xcconfig */ = {isa = PBXFileReference; includeInIndex = 1; lastKnownFileType = text.xcconfig; name = "Pods-LPeso.release.xcconfig"; path = "Target Support Files/Pods-LPeso/Pods-LPeso.release.xcconfig"; sourceTree = "<group>"; };
		AFD7BC216CD7B0C253D2F00C /* libPods-LPeso.a */ = {isa = PBXFileReference; explicitFileType = archive.ar; includeInIndex = 0; path = "libPods-LPeso.a"; sourceTree = BUILT_PRODUCTS_DIR; };
		C93C67452CD4AC160013247A /* LPeso.entitlements */ = {isa = PBXFileReference; lastKnownFileType = text.plist.entitlements; path = LPeso.entitlements; sourceTree = "<group>"; };
		C93C67462CD4C0690013247A /* LPCodeField.swift */ = {isa = PBXFileReference; lastKnownFileType = sourcecode.swift; path = LPCodeField.swift; sourceTree = "<group>"; };
		C93C67482CD89C1F0013247A /* LPDataManager.swift */ = {isa = PBXFileReference; lastKnownFileType = sourcecode.swift; path = LPDataManager.swift; sourceTree = "<group>"; };
		C93C674A2CD89C460013247A /* LPMineCenterModel.swift */ = {isa = PBXFileReference; lastKnownFileType = sourcecode.swift; path = LPMineCenterModel.swift; sourceTree = "<group>"; };
		C93C674F2CD8C1850013247A /* LPBillListVC.swift */ = {isa = PBXFileReference; lastKnownFileType = sourcecode.swift; path = LPBillListVC.swift; sourceTree = "<group>"; };
		C93C67582CD9043F0013247A /* LPHomeFootView.swift */ = {isa = PBXFileReference; lastKnownFileType = sourcecode.swift; path = LPHomeFootView.swift; sourceTree = "<group>"; };
		C93C675A2CD9044C0013247A /* LPHomeLargeCardView.swift */ = {isa = PBXFileReference; lastKnownFileType = sourcecode.swift; path = LPHomeLargeCardView.swift; sourceTree = "<group>"; };
		C93C675C2CD908830013247A /* LPHomeProductCell.swift */ = {isa = PBXFileReference; lastKnownFileType = sourcecode.swift; path = LPHomeProductCell.swift; sourceTree = "<group>"; };
		C93C675D2CD908830013247A /* LPHomeProductCell.xib */ = {isa = PBXFileReference; lastKnownFileType = file.xib; path = LPHomeProductCell.xib; sourceTree = "<group>"; };
		C93C67602CD90A6A0013247A /* LPHomeLargeCardCell.swift */ = {isa = PBXFileReference; lastKnownFileType = sourcecode.swift; path = LPHomeLargeCardCell.swift; sourceTree = "<group>"; };
		C93C67612CD90A6A0013247A /* LPHomeLargeCardCell.xib */ = {isa = PBXFileReference; lastKnownFileType = file.xib; path = LPHomeLargeCardCell.xib; sourceTree = "<group>"; };
		C93C67642CD912840013247A /* LPHomeSmallCardView.swift */ = {isa = PBXFileReference; lastKnownFileType = sourcecode.swift; path = LPHomeSmallCardView.swift; sourceTree = "<group>"; };
		C93C67682CD9F0B10013247A /* LPHomeNotiView.swift */ = {isa = PBXFileReference; lastKnownFileType = sourcecode.swift; path = LPHomeNotiView.swift; sourceTree = "<group>"; };
		C9434ECD2CE32B9B0045EF75 /* LPAuthIdentityHeadView.swift */ = {isa = PBXFileReference; lastKnownFileType = sourcecode.swift; path = LPAuthIdentityHeadView.swift; sourceTree = "<group>"; };
		C9434ECF2CE3316C0045EF75 /* LPAuthIdentityModel.swift */ = {isa = PBXFileReference; lastKnownFileType = sourcecode.swift; path = LPAuthIdentityModel.swift; sourceTree = "<group>"; };
		C9434ED12CE35B960045EF75 /* LPAuthGroupCell.swift */ = {isa = PBXFileReference; lastKnownFileType = sourcecode.swift; path = LPAuthGroupCell.swift; sourceTree = "<group>"; };
		C9434ED32CE35EFE0045EF75 /* LPPhotoAlertView.swift */ = {isa = PBXFileReference; lastKnownFileType = sourcecode.swift; path = LPPhotoAlertView.swift; sourceTree = "<group>"; };
		C9434ED52CE44E940045EF75 /* LPOptionView.swift */ = {isa = PBXFileReference; lastKnownFileType = sourcecode.swift; path = LPOptionView.swift; sourceTree = "<group>"; };
		C9434ED92CE4A25F0045EF75 /* LPAuthBankModel.swift */ = {isa = PBXFileReference; lastKnownFileType = sourcecode.swift; path = LPAuthBankModel.swift; sourceTree = "<group>"; };
		C9434EDB2CE4A6C80045EF75 /* LPChannelSelectView.swift */ = {isa = PBXFileReference; lastKnownFileType = sourcecode.swift; path = LPChannelSelectView.swift; sourceTree = "<group>"; };
		C9434EE12CE4A9640045EF75 /* LPChannelCell.swift */ = {isa = PBXFileReference; lastKnownFileType = sourcecode.swift; path = LPChannelCell.swift; sourceTree = "<group>"; };
		C9434EE32CE4ABFD0045EF75 /* Roboto-Regular.ttf */ = {isa = PBXFileReference; lastKnownFileType = file; path = "Roboto-Regular.ttf"; sourceTree = "<group>"; };
		C9434EE52CE4AE2F0045EF75 /* LPAuthWalletView.swift */ = {isa = PBXFileReference; lastKnownFileType = sourcecode.swift; path = LPAuthWalletView.swift; sourceTree = "<group>"; };
		C9434EE72CE4AE3C0045EF75 /* LPAuthBankView.swift */ = {isa = PBXFileReference; lastKnownFileType = sourcecode.swift; path = LPAuthBankView.swift; sourceTree = "<group>"; };
		C9434EED2CE4B6960045EF75 /* LPAuthWalletSelectCell.swift */ = {isa = PBXFileReference; lastKnownFileType = sourcecode.swift; path = LPAuthWalletSelectCell.swift; sourceTree = "<group>"; };
		C9434EEE2CE4B6960045EF75 /* LPAuthWalletSelectCell.xib */ = {isa = PBXFileReference; lastKnownFileType = file.xib; path = LPAuthWalletSelectCell.xib; sourceTree = "<group>"; };
		C9434EF82CE5E6FE0045EF75 /* LPBillCell.swift */ = {isa = PBXFileReference; lastKnownFileType = sourcecode.swift; path = LPBillCell.swift; sourceTree = "<group>"; };
		C9434EFA2CE5E9F70045EF75 /* LPBillModel.swift */ = {isa = PBXFileReference; lastKnownFileType = sourcecode.swift; path = LPBillModel.swift; sourceTree = "<group>"; };
		C948D86E2CDA1A0C00A17C26 /* LPApplyModel.swift */ = {isa = PBXFileReference; lastKnownFileType = sourcecode.swift; path = LPApplyModel.swift; sourceTree = "<group>"; };
		C948D8762CDC5E5A00A17C26 /* LPDialogAlertView.swift */ = {isa = PBXFileReference; lastKnownFileType = sourcecode.swift; path = LPDialogAlertView.swift; sourceTree = "<group>"; };
		C948D8782CDC607200A17C26 /* LPApplyManager.swift */ = {isa = PBXFileReference; lastKnownFileType = sourcecode.swift; path = LPApplyManager.swift; sourceTree = "<group>"; };
		C948D87A2CDC6BA100A17C26 /* LPAuthBasicVC.swift */ = {isa = PBXFileReference; lastKnownFileType = sourcecode.swift; path = LPAuthBasicVC.swift; sourceTree = "<group>"; };
		C948D87C2CDC6BB800A17C26 /* LPAuthContactVC.swift */ = {isa = PBXFileReference; lastKnownFileType = sourcecode.swift; path = LPAuthContactVC.swift; sourceTree = "<group>"; };
		C948D87E2CDC6BDD00A17C26 /* LPAuthIdentityVC.swift */ = {isa = PBXFileReference; lastKnownFileType = sourcecode.swift; path = LPAuthIdentityVC.swift; sourceTree = "<group>"; };
		C948D8802CDC6C0900A17C26 /* LPAuthFaceVC.swift */ = {isa = PBXFileReference; lastKnownFileType = sourcecode.swift; path = LPAuthFaceVC.swift; sourceTree = "<group>"; };
		C948D8822CDC6C1600A17C26 /* LPAuthBankVC.swift */ = {isa = PBXFileReference; lastKnownFileType = sourcecode.swift; path = LPAuthBankVC.swift; sourceTree = "<group>"; };
		C948D8842CDC924C00A17C26 /* LPAuthBasicModel.swift */ = {isa = PBXFileReference; lastKnownFileType = sourcecode.swift; path = LPAuthBasicModel.swift; sourceTree = "<group>"; };
		C948D8862CDC92BE00A17C26 /* LPSelectCell.swift */ = {isa = PBXFileReference; lastKnownFileType = sourcecode.swift; path = LPSelectCell.swift; sourceTree = "<group>"; };
		C948D8872CDC92BE00A17C26 /* LPSelectCell.xib */ = {isa = PBXFileReference; lastKnownFileType = file.xib; path = LPSelectCell.xib; sourceTree = "<group>"; };
		C948D88A2CDCC1F600A17C26 /* LPAuthStepView.swift */ = {isa = PBXFileReference; lastKnownFileType = sourcecode.swift; path = LPAuthStepView.swift; sourceTree = "<group>"; };
		C948D88C2CDDC35E00A17C26 /* LPAuthBaseVC.swift */ = {isa = PBXFileReference; lastKnownFileType = sourcecode.swift; path = LPAuthBaseVC.swift; sourceTree = "<group>"; };
		C948D88F2CDF477F00A17C26 /* LPAuthGroupHeadView.swift */ = {isa = PBXFileReference; lastKnownFileType = sourcecode.swift; path = LPAuthGroupHeadView.swift; sourceTree = "<group>"; };
		C948D8912CDF47CA00A17C26 /* LPAuthItemCell.swift */ = {isa = PBXFileReference; lastKnownFileType = sourcecode.swift; path = LPAuthItemCell.swift; sourceTree = "<group>"; };
		C958E2AB2CD23DA90035AF44 /* LPBaseModel.swift */ = {isa = PBXFileReference; lastKnownFileType = sourcecode.swift; path = LPBaseModel.swift; sourceTree = "<group>"; };
		C958E2AE2CD242D10035AF44 /* LPRequestManager.swift */ = {isa = PBXFileReference; lastKnownFileType = sourcecode.swift; path = LPRequestManager.swift; sourceTree = "<group>"; };
		C958E2B02CD242E30035AF44 /* LPRequestAPI.swift */ = {isa = PBXFileReference; lastKnownFileType = sourcecode.swift; path = LPRequestAPI.swift; sourceTree = "<group>"; };
		C958E2B22CD320720035AF44 /* LPHomeDataModel.swift */ = {isa = PBXFileReference; lastKnownFileType = sourcecode.swift; path = LPHomeDataModel.swift; sourceTree = "<group>"; };
		C958E2B72CD37E4A0035AF44 /* LPBaseVC.swift */ = {isa = PBXFileReference; lastKnownFileType = sourcecode.swift; path = LPBaseVC.swift; sourceTree = "<group>"; };
		C958E2B92CD380E00035AF44 /* LPNaviBar.swift */ = {isa = PBXFileReference; lastKnownFileType = sourcecode.swift; path = LPNaviBar.swift; sourceTree = "<group>"; };
		C958E2BC2CD4721E0035AF44 /* LPLoginManager.swift */ = {isa = PBXFileReference; lastKnownFileType = sourcecode.swift; path = LPLoginManager.swift; sourceTree = "<group>"; };
		C958E2BE2CD4735B0035AF44 /* LPLoginVC.swift */ = {isa = PBXFileReference; lastKnownFileType = sourcecode.swift; path = LPLoginVC.swift; sourceTree = "<group>"; };
		C958E2C22CD47A3B0035AF44 /* LPLoginModel.swift */ = {isa = PBXFileReference; lastKnownFileType = sourcecode.swift; path = LPLoginModel.swift; sourceTree = "<group>"; };
		C958E2C42CD47EF20035AF44 /* LPLoginCodeVC.swift */ = {isa = PBXFileReference; lastKnownFileType = sourcecode.swift; path = LPLoginCodeVC.swift; sourceTree = "<group>"; };
		C99EE4DD2CCB3D45008201D9 /* LPeso.app */ = {isa = PBXFileReference; explicitFileType = wrapper.application; includeInIndex = 0; path = LPeso.app; sourceTree = BUILT_PRODUCTS_DIR; };
		C99EE4F52CCB3D50008201D9 /* AppDelegate.swift */ = {isa = PBXFileReference; lastKnownFileType = sourcecode.swift; path = AppDelegate.swift; sourceTree = "<group>"; };
		C99EE4F62CCB3D50008201D9 /* Assets.xcassets */ = {isa = PBXFileReference; lastKnownFileType = folder.assetcatalog; path = Assets.xcassets; sourceTree = "<group>"; };
		C99EE4F72CCB3D50008201D9 /* Info.plist */ = {isa = PBXFileReference; lastKnownFileType = text.plist.xml; path = Info.plist; sourceTree = "<group>"; };
		C99EE4F82CCB3D50008201D9 /* Base */ = {isa = PBXFileReference; lastKnownFileType = file.storyboard; name = Base; path = Base.lproj/LaunchScreen.storyboard; sourceTree = "<group>"; };
		C99EE4FA2CCB3D50008201D9 /* Base */ = {isa = PBXFileReference; lastKnownFileType = file.storyboard; name = Base; path = Base.lproj/Main.storyboard; sourceTree = "<group>"; };
		C99EE4FD2CCB3D50008201D9 /* LPHomeVC.swift */ = {isa = PBXFileReference; lastKnownFileType = sourcecode.swift; path = LPHomeVC.swift; sourceTree = "<group>"; };
		C99EE5102CCB4117008201D9 /* LPDefine.swift */ = {isa = PBXFileReference; lastKnownFileType = sourcecode.swift; path = LPDefine.swift; sourceTree = "<group>"; };
		C99EE5132CCB43AB008201D9 /* Roboto-Medium.ttf */ = {isa = PBXFileReference; lastKnownFileType = file; path = "Roboto-Medium.ttf"; sourceTree = "<group>"; };
		C99EE5152CCB4423008201D9 /* Extensions.swift */ = {isa = PBXFileReference; lastKnownFileType = sourcecode.swift; path = Extensions.swift; sourceTree = "<group>"; };
		C99EE5172CCB45BB008201D9 /* LPTools.swift */ = {isa = PBXFileReference; lastKnownFileType = sourcecode.swift; path = LPTools.swift; sourceTree = "<group>"; };
		C99EE5192CCB4D68008201D9 /* LPMyView.swift */ = {isa = PBXFileReference; lastKnownFileType = sourcecode.swift; path = LPMyView.swift; sourceTree = "<group>"; };
		C99EE51C2CCB6E73008201D9 /* LPRouteManager.swift */ = {isa = PBXFileReference; lastKnownFileType = sourcecode.swift; path = LPRouteManager.swift; sourceTree = "<group>"; };
		C99EE5202CCB7DD9008201D9 /* DeviceExt.swift */ = {isa = PBXFileReference; lastKnownFileType = sourcecode.swift; path = DeviceExt.swift; sourceTree = "<group>"; };
		C99EE5242CCB8A84008201D9 /* LPMyCenterCell.swift */ = {isa = PBXFileReference; lastKnownFileType = sourcecode.swift; path = LPMyCenterCell.swift; sourceTree = "<group>"; };
		C99EE5252CCB8A84008201D9 /* LPMyCenterCell.xib */ = {isa = PBXFileReference; lastKnownFileType = file.xib; path = LPMyCenterCell.xib; sourceTree = "<group>"; };
		C99EE5292CCBA2FF008201D9 /* LPAlertView.swift */ = {isa = PBXFileReference; lastKnownFileType = sourcecode.swift; path = LPAlertView.swift; sourceTree = "<group>"; };
		C99EE5302CD1DC37008201D9 /* LPToastView.swift */ = {isa = PBXFileReference; lastKnownFileType = sourcecode.swift; path = LPToastView.swift; sourceTree = "<group>"; };
		C99EE5382CD209E4008201D9 /* LPKaychainTools.swift */ = {isa = PBXFileReference; lastKnownFileType = sourcecode.swift; path = LPKaychainTools.swift; sourceTree = "<group>"; };
		C99EE53A2CD20DF8008201D9 /* LPIdfaManager.swift */ = {isa = PBXFileReference; lastKnownFileType = sourcecode.swift; path = LPIdfaManager.swift; sourceTree = "<group>"; };
		C99EE53C2CD20ECE008201D9 /* LPLocationManager.swift */ = {isa = PBXFileReference; lastKnownFileType = sourcecode.swift; path = LPLocationManager.swift; sourceTree = "<group>"; };
		C99EE53E2CD22107008201D9 /* LPDeviceInfoManager.swift */ = {isa = PBXFileReference; lastKnownFileType = sourcecode.swift; path = LPDeviceInfoManager.swift; sourceTree = "<group>"; };
		C9BE52752CE1F1840048D0F3 /* LPDatePickerView.swift */ = {isa = PBXFileReference; lastKnownFileType = sourcecode.swift; path = LPDatePickerView.swift; sourceTree = "<group>"; };
		C9BE52772CE223EA0048D0F3 /* LPAuthConcactModel.swift */ = {isa = PBXFileReference; lastKnownFileType = sourcecode.swift; path = LPAuthConcactModel.swift; sourceTree = "<group>"; };
		C9BE52792CE2269C0048D0F3 /* LPAuthConcactCell.swift */ = {isa = PBXFileReference; lastKnownFileType = sourcecode.swift; path = LPAuthConcactCell.swift; sourceTree = "<group>"; };
		C9BE527A2CE2269C0048D0F3 /* LPAuthConcactCell.xib */ = {isa = PBXFileReference; lastKnownFileType = file.xib; path = LPAuthConcactCell.xib; sourceTree = "<group>"; };
		C9BE527D2CE231C20048D0F3 /* LPContactManager.swift */ = {isa = PBXFileReference; lastKnownFileType = sourcecode.swift; path = LPContactManager.swift; sourceTree = "<group>"; };
		C9BE527F2CE2F2190048D0F3 /* LPAuthFaceModel.swift */ = {isa = PBXFileReference; lastKnownFileType = sourcecode.swift; path = LPAuthFaceModel.swift; sourceTree = "<group>"; };
		C9E720A92CEB2D8700198E66 /* LPHomeAlertView.swift */ = {isa = PBXFileReference; lastKnownFileType = sourcecode.swift; path = LPHomeAlertView.swift; sourceTree = "<group>"; };
		C9E720AF2CEC727500198E66 /* LPBillPlanCell.swift */ = {isa = PBXFileReference; lastKnownFileType = sourcecode.swift; path = LPBillPlanCell.swift; sourceTree = "<group>"; };
		C9E720B02CEC727500198E66 /* LPBillPlanCell.xib */ = {isa = PBXFileReference; lastKnownFileType = file.xib; path = LPBillPlanCell.xib; sourceTree = "<group>"; };
		C9E720B32CEC7BFE00198E66 /* LPBillEmptyCell.swift */ = {isa = PBXFileReference; lastKnownFileType = sourcecode.swift; path = LPBillEmptyCell.swift; sourceTree = "<group>"; };
		C9E720B52CECADE400198E66 /* LPBaseWebVC.swift */ = {isa = PBXFileReference; lastKnownFileType = sourcecode.swift; path = LPBaseWebVC.swift; sourceTree = "<group>"; };
		C9E720B92CED848E00198E66 /* LPWebTools.swift */ = {isa = PBXFileReference; lastKnownFileType = sourcecode.swift; path = LPWebTools.swift; sourceTree = "<group>"; };
		F6AD2E7585D5E069993FE338 /* Pods-LPeso.debug.xcconfig */ = {isa = PBXFileReference; includeInIndex = 1; lastKnownFileType = text.xcconfig; name = "Pods-LPeso.debug.xcconfig"; path = "Target Support Files/Pods-LPeso/Pods-LPeso.debug.xcconfig"; sourceTree = "<group>"; };
/* End PBXFileReference section */

/* Begin PBXFrameworksBuildPhase section */
		C99EE4DA2CCB3D45008201D9 /* Frameworks */ = {
			isa = PBXFrameworksBuildPhase;
			buildActionMask = 2147483647;
			files = (
				F9736E914CA26AC69998B70C /* libPods-LPeso.a in Frameworks */,
			);
			runOnlyForDeploymentPostprocessing = 0;
		};
/* End PBXFrameworksBuildPhase section */

/* Begin PBXGroup section */
		31E9CB06AC91C9C0427A4E63 /* Frameworks */ = {
			isa = PBXGroup;
			children = (
				AFD7BC216CD7B0C253D2F00C /* libPods-LPeso.a */,
			);
			name = Frameworks;
			sourceTree = "<group>";
		};
		C93C674E2CD8C1650013247A /* Bill */ = {
			isa = PBXGroup;
			children = (
				C9434EFD2CE611FC0045EF75 /* Model */,
				C9434EF72CE5E6E20045EF75 /* View */,
				C93C674F2CD8C1850013247A /* LPBillListVC.swift */,
			);
			path = Bill;
			sourceTree = "<group>";
		};
		C93C67572CD904220013247A /* Cell */ = {
			isa = PBXGroup;
			children = (
				C93C67582CD9043F0013247A /* LPHomeFootView.swift */,
				C93C67682CD9F0B10013247A /* LPHomeNotiView.swift */,
				C93C675A2CD9044C0013247A /* LPHomeLargeCardView.swift */,
				C93C67602CD90A6A0013247A /* LPHomeLargeCardCell.swift */,
				C93C67612CD90A6A0013247A /* LPHomeLargeCardCell.xib */,
				C93C67642CD912840013247A /* LPHomeSmallCardView.swift */,
				C93C675C2CD908830013247A /* LPHomeProductCell.swift */,
				C93C675D2CD908830013247A /* LPHomeProductCell.xib */,
				C9E720A92CEB2D8700198E66 /* LPHomeAlertView.swift */,
			);
			path = Cell;
			sourceTree = "<group>";
		};
		C9434EF12CE4CB8D0045EF75 /* View */ = {
			isa = PBXGroup;
			children = (
				C948D88F2CDF477F00A17C26 /* LPAuthGroupHeadView.swift */,
				C948D8912CDF47CA00A17C26 /* LPAuthItemCell.swift */,
			);
			path = View;
			sourceTree = "<group>";
		};
		C9434EF22CE4CBB30045EF75 /* View */ = {
			isa = PBXGroup;
			children = (
				C9BE52792CE2269C0048D0F3 /* LPAuthConcactCell.swift */,
				C9BE527A2CE2269C0048D0F3 /* LPAuthConcactCell.xib */,
			);
			path = View;
			sourceTree = "<group>";
		};
		C9434EF32CE4CBBE0045EF75 /* View */ = {
			isa = PBXGroup;
			children = (
				C9434ECD2CE32B9B0045EF75 /* LPAuthIdentityHeadView.swift */,
				C9434ED12CE35B960045EF75 /* LPAuthGroupCell.swift */,
				C9434ED52CE44E940045EF75 /* LPOptionView.swift */,
			);
			path = View;
			sourceTree = "<group>";
		};
		C9434EF42CE4CBD10045EF75 /* View */ = {
			isa = PBXGroup;
			children = (
				C9434EDB2CE4A6C80045EF75 /* LPChannelSelectView.swift */,
				C9434EE12CE4A9640045EF75 /* LPChannelCell.swift */,
				C9434EED2CE4B6960045EF75 /* LPAuthWalletSelectCell.swift */,
				C9434EEE2CE4B6960045EF75 /* LPAuthWalletSelectCell.xib */,
				C9434EE52CE4AE2F0045EF75 /* LPAuthWalletView.swift */,
				C9434EE72CE4AE3C0045EF75 /* LPAuthBankView.swift */,
			);
			path = View;
			sourceTree = "<group>";
		};
		C9434EF72CE5E6E20045EF75 /* View */ = {
			isa = PBXGroup;
			children = (
				C9434EF82CE5E6FE0045EF75 /* LPBillCell.swift */,
				C9E720AF2CEC727500198E66 /* LPBillPlanCell.swift */,
				C9E720B02CEC727500198E66 /* LPBillPlanCell.xib */,
				C9E720B32CEC7BFE00198E66 /* LPBillEmptyCell.swift */,
			);
			path = View;
			sourceTree = "<group>";
		};
		C9434EFC2CE611EC0045EF75 /* BaseModel */ = {
			isa = PBXGroup;
			children = (
				C958E2AB2CD23DA90035AF44 /* LPBaseModel.swift */,
			);
			path = BaseModel;
			sourceTree = "<group>";
		};
		C9434EFD2CE611FC0045EF75 /* Model */ = {
			isa = PBXGroup;
			children = (
				C9434EFA2CE5E9F70045EF75 /* LPBillModel.swift */,
			);
			path = Model;
			sourceTree = "<group>";
		};
		C9434EFE2CE612080045EF75 /* Model */ = {
			isa = PBXGroup;
			children = (
				C958E2C22CD47A3B0035AF44 /* LPLoginModel.swift */,
			);
			path = Model;
			sourceTree = "<group>";
		};
		C9434EFF2CE612200045EF75 /* Model */ = {
			isa = PBXGroup;
			children = (
				C958E2B22CD320720035AF44 /* LPHomeDataModel.swift */,
				C948D86E2CDA1A0C00A17C26 /* LPApplyModel.swift */,
			);
			path = Model;
			sourceTree = "<group>";
		};
		C9434F002CE6122E0045EF75 /* Model */ = {
			isa = PBXGroup;
			children = (
				C93C674A2CD89C460013247A /* LPMineCenterModel.swift */,
			);
			path = Model;
			sourceTree = "<group>";
		};
		C9434F012CE612700045EF75 /* Model */ = {
			isa = PBXGroup;
			children = (
				C948D8842CDC924C00A17C26 /* LPAuthBasicModel.swift */,
			);
			path = Model;
			sourceTree = "<group>";
		};
		C9434F022CE6127A0045EF75 /* Model */ = {
			isa = PBXGroup;
			children = (
				C9BE52772CE223EA0048D0F3 /* LPAuthConcactModel.swift */,
			);
			path = Model;
			sourceTree = "<group>";
		};
		C9434F032CE612830045EF75 /* Model */ = {
			isa = PBXGroup;
			children = (
				C9434ECF2CE3316C0045EF75 /* LPAuthIdentityModel.swift */,
			);
			path = Model;
			sourceTree = "<group>";
		};
		C9434F042CE6128C0045EF75 /* Model */ = {
			isa = PBXGroup;
			children = (
				C9BE527F2CE2F2190048D0F3 /* LPAuthFaceModel.swift */,
			);
			path = Model;
			sourceTree = "<group>";
		};
		C9434F052CE612960045EF75 /* Model */ = {
			isa = PBXGroup;
			children = (
				C9434ED92CE4A25F0045EF75 /* LPAuthBankModel.swift */,
			);
			path = Model;
			sourceTree = "<group>";
		};
		C948D8702CDC5A9B00A17C26 /* Certification */ = {
			isa = PBXGroup;
			children = (
				C948D8712CDC5ACF00A17C26 /* Basic */,
				C948D8752CDC5AF900A17C26 /* Contact */,
				C948D8742CDC5AF500A17C26 /* Identity */,
				C948D8732CDC5AF300A17C26 /* Face */,
				C948D8722CDC5AD800A17C26 /* Bank */,
			);
			path = Certification;
			sourceTree = "<group>";
		};
		C948D8712CDC5ACF00A17C26 /* Basic */ = {
			isa = PBXGroup;
			children = (
				C9434F012CE612700045EF75 /* Model */,
				C9434EF12CE4CB8D0045EF75 /* View */,
				C948D87A2CDC6BA100A17C26 /* LPAuthBasicVC.swift */,
			);
			path = Basic;
			sourceTree = "<group>";
		};
		C948D8722CDC5AD800A17C26 /* Bank */ = {
			isa = PBXGroup;
			children = (
				C9434F052CE612960045EF75 /* Model */,
				C9434EF42CE4CBD10045EF75 /* View */,
				C948D8822CDC6C1600A17C26 /* LPAuthBankVC.swift */,
			);
			path = Bank;
			sourceTree = "<group>";
		};
		C948D8732CDC5AF300A17C26 /* Face */ = {
			isa = PBXGroup;
			children = (
				C9434F042CE6128C0045EF75 /* Model */,
				C948D8802CDC6C0900A17C26 /* LPAuthFaceVC.swift */,
			);
			path = Face;
			sourceTree = "<group>";
		};
		C948D8742CDC5AF500A17C26 /* Identity */ = {
			isa = PBXGroup;
			children = (
				C9434F032CE612830045EF75 /* Model */,
				C9434EF32CE4CBBE0045EF75 /* View */,
				C948D87E2CDC6BDD00A17C26 /* LPAuthIdentityVC.swift */,
			);
			path = Identity;
			sourceTree = "<group>";
		};
		C948D8752CDC5AF900A17C26 /* Contact */ = {
			isa = PBXGroup;
			children = (
				C9434F022CE6127A0045EF75 /* Model */,
				C9434EF22CE4CBB30045EF75 /* View */,
				C948D87C2CDC6BB800A17C26 /* LPAuthContactVC.swift */,
			);
			path = Contact;
			sourceTree = "<group>";
		};
		C958E2AD2CD242B60035AF44 /* Request */ = {
			isa = PBXGroup;
			children = (
				C958E2AE2CD242D10035AF44 /* LPRequestManager.swift */,
				C958E2B02CD242E30035AF44 /* LPRequestAPI.swift */,
			);
			path = Request;
			sourceTree = "<group>";
		};
		C958E2B52CD37D730035AF44 /* Base */ = {
			isa = PBXGroup;
			children = (
				C9434EFC2CE611EC0045EF75 /* BaseModel */,
				C958E2BB2CD384670035AF44 /* BaseView */,
				C958E2B62CD37D850035AF44 /* BaseVC */,
			);
			path = Base;
			sourceTree = "<group>";
		};
		C958E2B62CD37D850035AF44 /* BaseVC */ = {
			isa = PBXGroup;
			children = (
				C958E2B72CD37E4A0035AF44 /* LPBaseVC.swift */,
				C948D88C2CDDC35E00A17C26 /* LPAuthBaseVC.swift */,
			);
			path = BaseVC;
			sourceTree = "<group>";
		};
		C958E2BB2CD384670035AF44 /* BaseView */ = {
			isa = PBXGroup;
			children = (
				C958E2B92CD380E00035AF44 /* LPNaviBar.swift */,
				C93C67462CD4C0690013247A /* LPCodeField.swift */,
				C99EE5302CD1DC37008201D9 /* LPToastView.swift */,
				C99EE5292CCBA2FF008201D9 /* LPAlertView.swift */,
				C948D8762CDC5E5A00A17C26 /* LPDialogAlertView.swift */,
				C9BE52752CE1F1840048D0F3 /* LPDatePickerView.swift */,
				C9434ED32CE35EFE0045EF75 /* LPPhotoAlertView.swift */,
				C948D88A2CDCC1F600A17C26 /* LPAuthStepView.swift */,
				C948D8862CDC92BE00A17C26 /* LPSelectCell.swift */,
				C948D8872CDC92BE00A17C26 /* LPSelectCell.xib */,
			);
			path = BaseView;
			sourceTree = "<group>";
		};
		C99EE4D42CCB3D45008201D9 = {
			isa = PBXGroup;
			children = (
				C99EE4FE2CCB3D50008201D9 /* LPeso */,
				C99EE4DE2CCB3D45008201D9 /* Products */,
				DDF859B364E0A599E837EEE4 /* Pods */,
				31E9CB06AC91C9C0427A4E63 /* Frameworks */,
			);
			sourceTree = "<group>";
		};
		C99EE4DE2CCB3D45008201D9 /* Products */ = {
			isa = PBXGroup;
			children = (
				C99EE4DD2CCB3D45008201D9 /* LPeso.app */,
			);
			name = Products;
			sourceTree = "<group>";
		};
		C99EE4FE2CCB3D50008201D9 /* LPeso */ = {
			isa = PBXGroup;
			children = (
				C93C67452CD4AC160013247A /* LPeso.entitlements */,
				C99EE50B2CCB4089008201D9 /* Config */,
				C99EE52B2CD1D977008201D9 /* Manager */,
				C958E2AD2CD242B60035AF44 /* Request */,
				C958E2B52CD37D730035AF44 /* Base */,
				C99EE5092CCB3F6E008201D9 /* ViewController */,
				C99EE4F52CCB3D50008201D9 /* AppDelegate.swift */,
				C99EE4FB2CCB3D50008201D9 /* Main.storyboard */,
				C99EE4F72CCB3D50008201D9 /* Info.plist */,
				C99EE4F62CCB3D50008201D9 /* Assets.xcassets */,
				C99EE4F92CCB3D50008201D9 /* LaunchScreen.storyboard */,
			);
			path = LPeso;
			sourceTree = "<group>";
		};
		C99EE5092CCB3F6E008201D9 /* ViewController */ = {
			isa = PBXGroup;
			children = (
				C9E720B72CED846700198E66 /* Web */,
				C99EE50E2CCB40B2008201D9 /* Login */,
				C99EE51B2CCB4D97008201D9 /* Mine */,
				C93C674E2CD8C1650013247A /* Bill */,
				C99EE50D2CCB40A1008201D9 /* Home */,
				C948D8702CDC5A9B00A17C26 /* Certification */,
			);
			path = ViewController;
			sourceTree = "<group>";
		};
		C99EE50B2CCB4089008201D9 /* Config */ = {
			isa = PBXGroup;
			children = (
				019D46082CE366D100E5465B /* LPeso-Bridging-Header.h */,
				C99EE5122CCB43A0008201D9 /* Font */,
				C99EE5102CCB4117008201D9 /* LPDefine.swift */,
				C99EE5152CCB4423008201D9 /* Extensions.swift */,
				C99EE5202CCB7DD9008201D9 /* DeviceExt.swift */,
			);
			path = Config;
			sourceTree = "<group>";
		};
		C99EE50D2CCB40A1008201D9 /* Home */ = {
			isa = PBXGroup;
			children = (
				C9434EFF2CE612200045EF75 /* Model */,
				C93C67572CD904220013247A /* Cell */,
				C99EE4FD2CCB3D50008201D9 /* LPHomeVC.swift */,
			);
			path = Home;
			sourceTree = "<group>";
		};
		C99EE50E2CCB40B2008201D9 /* Login */ = {
			isa = PBXGroup;
			children = (
				C9434EFE2CE612080045EF75 /* Model */,
				C958E2BE2CD4735B0035AF44 /* LPLoginVC.swift */,
				C958E2C42CD47EF20035AF44 /* LPLoginCodeVC.swift */,
			);
			path = Login;
			sourceTree = "<group>";
		};
		C99EE5122CCB43A0008201D9 /* Font */ = {
			isa = PBXGroup;
			children = (
				C9434EE32CE4ABFD0045EF75 /* Roboto-Regular.ttf */,
				C99EE5132CCB43AB008201D9 /* Roboto-Medium.ttf */,
			);
			path = Font;
			sourceTree = "<group>";
		};
		C99EE51B2CCB4D97008201D9 /* Mine */ = {
			isa = PBXGroup;
			children = (
				C9434F002CE6122E0045EF75 /* Model */,
				C99EE5232CCB8A66008201D9 /* Cell */,
				C99EE5192CCB4D68008201D9 /* LPMyView.swift */,
			);
			path = Mine;
			sourceTree = "<group>";
		};
		C99EE5232CCB8A66008201D9 /* Cell */ = {
			isa = PBXGroup;
			children = (
				C99EE5242CCB8A84008201D9 /* LPMyCenterCell.swift */,
				C99EE5252CCB8A84008201D9 /* LPMyCenterCell.xib */,
			);
			path = Cell;
			sourceTree = "<group>";
		};
		C99EE52B2CD1D977008201D9 /* Manager */ = {
			isa = PBXGroup;
			children = (
				C99EE5172CCB45BB008201D9 /* LPTools.swift */,
				C99EE5382CD209E4008201D9 /* LPKaychainTools.swift */,
				C99EE51C2CCB6E73008201D9 /* LPRouteManager.swift */,
				C99EE53A2CD20DF8008201D9 /* LPIdfaManager.swift */,
				C99EE53C2CD20ECE008201D9 /* LPLocationManager.swift */,
				C99EE53E2CD22107008201D9 /* LPDeviceInfoManager.swift */,
				C958E2BC2CD4721E0035AF44 /* LPLoginManager.swift */,
				C93C67482CD89C1F0013247A /* LPDataManager.swift */,
				C948D8782CDC607200A17C26 /* LPApplyManager.swift */,
				C9BE527D2CE231C20048D0F3 /* LPContactManager.swift */,
			);
			path = Manager;
			sourceTree = "<group>";
		};
		C9E720B72CED846700198E66 /* Web */ = {
			isa = PBXGroup;
			children = (
				C9E720BB2CEDB5B800198E66 /* Manager */,
				C9E720B52CECADE400198E66 /* LPBaseWebVC.swift */,
			);
			path = Web;
			sourceTree = "<group>";
		};
		C9E720BB2CEDB5B800198E66 /* Manager */ = {
			isa = PBXGroup;
			children = (
				C9E720B92CED848E00198E66 /* LPWebTools.swift */,
			);
			path = Manager;
			sourceTree = "<group>";
		};
		DDF859B364E0A599E837EEE4 /* Pods */ = {
			isa = PBXGroup;
			children = (
				F6AD2E7585D5E069993FE338 /* Pods-LPeso.debug.xcconfig */,
				7C1DB8736C95FD31D6939C28 /* Pods-LPeso.release.xcconfig */,
			);
			path = Pods;
			sourceTree = "<group>";
		};
/* End PBXGroup section */

/* Begin PBXNativeTarget section */
		C99EE4DC2CCB3D45008201D9 /* LPeso */ = {
			isa = PBXNativeTarget;
			buildConfigurationList = C99EE4F02CCB3D49008201D9 /* Build configuration list for PBXNativeTarget "LPeso" */;
			buildPhases = (
				F9E66DAFC5E148D5C0872048 /* [CP] Check Pods Manifest.lock */,
				C99EE4D92CCB3D45008201D9 /* Sources */,
				C99EE4DA2CCB3D45008201D9 /* Frameworks */,
				C99EE4DB2CCB3D45008201D9 /* Resources */,
				75987A1C61632FA9F3307DD0 /* [CP] Copy Pods Resources */,
				5B0A932933D818F59EACAE24 /* [CP] Embed Pods Frameworks */,
			);
			buildRules = (
			);
			dependencies = (
			);
			name = LPeso;
			productName = LPeso;
			productReference = C99EE4DD2CCB3D45008201D9 /* LPeso.app */;
			productType = "com.apple.product-type.application";
		};
/* End PBXNativeTarget section */

/* Begin PBXProject section */
		C99EE4D52CCB3D45008201D9 /* Project object */ = {
			isa = PBXProject;
			attributes = {
				BuildIndependentTargetsInParallel = 1;
				CLASSPREFIX = LP;
				LastSwiftUpdateCheck = 1600;
				LastUpgradeCheck = 1610;
				TargetAttributes = {
					C99EE4DC2CCB3D45008201D9 = {
						CreatedOnToolsVersion = 16.0;
						LastSwiftMigration = 1610;
					};
				};
			};
			buildConfigurationList = C99EE4D82CCB3D45008201D9 /* Build configuration list for PBXProject "LPeso" */;
			compatibilityVersion = "Xcode 15.0";
			developmentRegion = en;
			hasScannedForEncodings = 0;
			knownRegions = (
				en,
				Base,
			);
			mainGroup = C99EE4D42CCB3D45008201D9;
			productRefGroup = C99EE4DE2CCB3D45008201D9 /* Products */;
			projectDirPath = "";
			projectRoot = "";
			targets = (
				C99EE4DC2CCB3D45008201D9 /* LPeso */,
			);
		};
/* End PBXProject section */

/* Begin PBXResourcesBuildPhase section */
		C99EE4DB2CCB3D45008201D9 /* Resources */ = {
			isa = PBXResourcesBuildPhase;
			buildActionMask = 2147483647;
			files = (
				C9434EF02CE4B6960045EF75 /* LPAuthWalletSelectCell.xib in Resources */,
				C99EE5142CCB43AB008201D9 /* Roboto-Medium.ttf in Resources */,
				C99EE5022CCB3D50008201D9 /* Assets.xcassets in Resources */,
				C9434EE42CE4ABFD0045EF75 /* Roboto-Regular.ttf in Resources */,
				C99EE5272CCB8A84008201D9 /* LPMyCenterCell.xib in Resources */,
				C99EE5042CCB3D50008201D9 /* LaunchScreen.storyboard in Resources */,
				C93C675E2CD908830013247A /* LPHomeProductCell.xib in Resources */,
				C9BE527B2CE2269C0048D0F3 /* LPAuthConcactCell.xib in Resources */,
				C948D8882CDC92BE00A17C26 /* LPSelectCell.xib in Resources */,
				C9E720B12CEC727500198E66 /* LPBillPlanCell.xib in Resources */,
				C99EE5052CCB3D50008201D9 /* Main.storyboard in Resources */,
				C93C67622CD90A6A0013247A /* LPHomeLargeCardCell.xib in Resources */,
			);
			runOnlyForDeploymentPostprocessing = 0;
		};
/* End PBXResourcesBuildPhase section */

/* Begin PBXShellScriptBuildPhase section */
		5B0A932933D818F59EACAE24 /* [CP] Embed Pods Frameworks */ = {
			isa = PBXShellScriptBuildPhase;
			buildActionMask = 2147483647;
			files = (
			);
			inputFileListPaths = (
				"${PODS_ROOT}/Target Support Files/Pods-LPeso/Pods-LPeso-frameworks-${CONFIGURATION}-input-files.xcfilelist",
			);
			name = "[CP] Embed Pods Frameworks";
			outputFileListPaths = (
				"${PODS_ROOT}/Target Support Files/Pods-LPeso/Pods-LPeso-frameworks-${CONFIGURATION}-output-files.xcfilelist",
			);
			runOnlyForDeploymentPostprocessing = 0;
			shellPath = /bin/sh;
			shellScript = "\"${PODS_ROOT}/Target Support Files/Pods-LPeso/Pods-LPeso-frameworks.sh\"\n";
			showEnvVarsInLog = 0;
		};
		75987A1C61632FA9F3307DD0 /* [CP] Copy Pods Resources */ = {
			isa = PBXShellScriptBuildPhase;
			buildActionMask = 2147483647;
			files = (
			);
			inputFileListPaths = (
				"${PODS_ROOT}/Target Support Files/Pods-LPeso/Pods-LPeso-resources-${CONFIGURATION}-input-files.xcfilelist",
			);
			name = "[CP] Copy Pods Resources";
			outputFileListPaths = (
				"${PODS_ROOT}/Target Support Files/Pods-LPeso/Pods-LPeso-resources-${CONFIGURATION}-output-files.xcfilelist",
			);
			runOnlyForDeploymentPostprocessing = 0;
			shellPath = /bin/sh;
			shellScript = "\"${PODS_ROOT}/Target Support Files/Pods-LPeso/Pods-LPeso-resources.sh\"\n";
			showEnvVarsInLog = 0;
		};
		F9E66DAFC5E148D5C0872048 /* [CP] Check Pods Manifest.lock */ = {
			isa = PBXShellScriptBuildPhase;
			buildActionMask = 2147483647;
			files = (
			);
			inputFileListPaths = (
			);
			inputPaths = (
				"${PODS_PODFILE_DIR_PATH}/Podfile.lock",
				"${PODS_ROOT}/Manifest.lock",
			);
			name = "[CP] Check Pods Manifest.lock";
			outputFileListPaths = (
			);
			outputPaths = (
				"$(DERIVED_FILE_DIR)/Pods-LPeso-checkManifestLockResult.txt",
			);
			runOnlyForDeploymentPostprocessing = 0;
			shellPath = /bin/sh;
			shellScript = "diff \"${PODS_PODFILE_DIR_PATH}/Podfile.lock\" \"${PODS_ROOT}/Manifest.lock\" > /dev/null\nif [ $? != 0 ] ; then\n    # print error to STDERR\n    echo \"error: The sandbox is not in sync with the Podfile.lock. Run 'pod install' or update your CocoaPods installation.\" >&2\n    exit 1\nfi\n# This output is used by Xcode 'outputs' to avoid re-running this script phase.\necho \"SUCCESS\" > \"${SCRIPT_OUTPUT_FILE_0}\"\n";
			showEnvVarsInLog = 0;
		};
/* End PBXShellScriptBuildPhase section */

/* Begin PBXSourcesBuildPhase section */
		C99EE4D92CCB3D45008201D9 /* Sources */ = {
			isa = PBXSourcesBuildPhase;
			buildActionMask = 2147483647;
			files = (
				C99EE5112CCB4117008201D9 /* LPDefine.swift in Sources */,
				C93C675B2CD9044C0013247A /* LPHomeLargeCardView.swift in Sources */,
				C9E720B62CECADE400198E66 /* LPBaseWebVC.swift in Sources */,
				C948D86F2CDA1A0C00A17C26 /* LPApplyModel.swift in Sources */,
				C99EE5262CCB8A84008201D9 /* LPMyCenterCell.swift in Sources */,
				C958E2AC2CD23DA90035AF44 /* LPBaseModel.swift in Sources */,
				C9434ED62CE44E940045EF75 /* LPOptionView.swift in Sources */,
				C99EE53D2CD20ECE008201D9 /* LPLocationManager.swift in Sources */,
				C9E720B22CEC727500198E66 /* LPBillPlanCell.swift in Sources */,
				C948D8812CDC6C0900A17C26 /* LPAuthFaceVC.swift in Sources */,
				C948D8792CDC607200A17C26 /* LPApplyManager.swift in Sources */,
				C958E2B82CD37E4A0035AF44 /* LPBaseVC.swift in Sources */,
				C948D8772CDC5E5A00A17C26 /* LPDialogAlertView.swift in Sources */,
				C99EE53B2CD20DF8008201D9 /* LPIdfaManager.swift in Sources */,
				C9434EFB2CE5E9F70045EF75 /* LPBillModel.swift in Sources */,
				C958E2AF2CD242D10035AF44 /* LPRequestManager.swift in Sources */,
				C9BE52802CE2F2190048D0F3 /* LPAuthFaceModel.swift in Sources */,
				C9E720B42CEC7BFE00198E66 /* LPBillEmptyCell.swift in Sources */,
				C9434EDC2CE4A6C80045EF75 /* LPChannelSelectView.swift in Sources */,
				C99EE5182CCB45BB008201D9 /* LPTools.swift in Sources */,
				C948D87F2CDC6BDD00A17C26 /* LPAuthIdentityVC.swift in Sources */,
				C9BE527C2CE2269C0048D0F3 /* LPAuthConcactCell.swift in Sources */,
				C93C67492CD89C1F0013247A /* LPDataManager.swift in Sources */,
				C948D8922CDF47CA00A17C26 /* LPAuthItemCell.swift in Sources */,
				C99EE53F2CD22107008201D9 /* LPDeviceInfoManager.swift in Sources */,
				C948D8852CDC924C00A17C26 /* LPAuthBasicModel.swift in Sources */,
				C99EE5392CD209E4008201D9 /* LPKaychainTools.swift in Sources */,
				C93C67502CD8C1850013247A /* LPBillListVC.swift in Sources */,
				C9434EEF2CE4B6960045EF75 /* LPAuthWalletSelectCell.swift in Sources */,
				C93C67592CD9043F0013247A /* LPHomeFootView.swift in Sources */,
				C99EE51A2CCB4D68008201D9 /* LPMyView.swift in Sources */,
				C958E2C52CD47EF20035AF44 /* LPLoginCodeVC.swift in Sources */,
				C958E2C32CD47A3B0035AF44 /* LPLoginModel.swift in Sources */,
				C93C67472CD4C0690013247A /* LPCodeField.swift in Sources */,
				C93C675F2CD908830013247A /* LPHomeProductCell.swift in Sources */,
				C9E720AA2CEB2D8700198E66 /* LPHomeAlertView.swift in Sources */,
				C948D8832CDC6C1600A17C26 /* LPAuthBankVC.swift in Sources */,
				C9434EF92CE5E6FE0045EF75 /* LPBillCell.swift in Sources */,
				C948D87D2CDC6BB800A17C26 /* LPAuthContactVC.swift in Sources */,
				C958E2BA2CD380E00035AF44 /* LPNaviBar.swift in Sources */,
				C948D87B2CDC6BA100A17C26 /* LPAuthBasicVC.swift in Sources */,
				C948D8892CDC92BE00A17C26 /* LPSelectCell.swift in Sources */,
				C9434EE62CE4AE2F0045EF75 /* LPAuthWalletView.swift in Sources */,
				C958E2B12CD242E30035AF44 /* LPRequestAPI.swift in Sources */,
				C9434EE22CE4A9640045EF75 /* LPChannelCell.swift in Sources */,
				C93C67692CD9F0B10013247A /* LPHomeNotiView.swift in Sources */,
				C9E720BA2CED848E00198E66 /* LPWebTools.swift in Sources */,
				C99EE5212CCB7DD9008201D9 /* DeviceExt.swift in Sources */,
				C948D88B2CDCC1F600A17C26 /* LPAuthStepView.swift in Sources */,
				C958E2B32CD320720035AF44 /* LPHomeDataModel.swift in Sources */,
				C99EE4FF2CCB3D50008201D9 /* AppDelegate.swift in Sources */,
				C93C67652CD912840013247A /* LPHomeSmallCardView.swift in Sources */,
				C9BE527E2CE231C20048D0F3 /* LPContactManager.swift in Sources */,
				C9434EDA2CE4A25F0045EF75 /* LPAuthBankModel.swift in Sources */,
				C93C67632CD90A6A0013247A /* LPHomeLargeCardCell.swift in Sources */,
				C99EE51D2CCB6E73008201D9 /* LPRouteManager.swift in Sources */,
				C958E2BF2CD4735B0035AF44 /* LPLoginVC.swift in Sources */,
				C99EE5012CCB3D50008201D9 /* LPHomeVC.swift in Sources */,
				C958E2BD2CD4721E0035AF44 /* LPLoginManager.swift in Sources */,
				C99EE5162CCB4423008201D9 /* Extensions.swift in Sources */,
				C9BE52782CE223EA0048D0F3 /* LPAuthConcactModel.swift in Sources */,
				C948D8902CDF477F00A17C26 /* LPAuthGroupHeadView.swift in Sources */,
				C93C674B2CD89C460013247A /* LPMineCenterModel.swift in Sources */,
				C9434ED22CE35B960045EF75 /* LPAuthGroupCell.swift in Sources */,
				C9434ED42CE35EFE0045EF75 /* LPPhotoAlertView.swift in Sources */,
				C9434EE82CE4AE3C0045EF75 /* LPAuthBankView.swift in Sources */,
				C9BE52762CE1F1840048D0F3 /* LPDatePickerView.swift in Sources */,
				C9434ECE2CE32B9B0045EF75 /* LPAuthIdentityHeadView.swift in Sources */,
				C99EE5312CD1DC37008201D9 /* LPToastView.swift in Sources */,
				C99EE52A2CCBA2FF008201D9 /* LPAlertView.swift in Sources */,
				C9434ED02CE3316C0045EF75 /* LPAuthIdentityModel.swift in Sources */,
				C948D88D2CDDC35E00A17C26 /* LPAuthBaseVC.swift in Sources */,
			);
			runOnlyForDeploymentPostprocessing = 0;
		};
/* End PBXSourcesBuildPhase section */

/* Begin PBXVariantGroup section */
		C99EE4F92CCB3D50008201D9 /* LaunchScreen.storyboard */ = {
			isa = PBXVariantGroup;
			children = (
				C99EE4F82CCB3D50008201D9 /* Base */,
			);
			name = LaunchScreen.storyboard;
			sourceTree = "<group>";
		};
		C99EE4FB2CCB3D50008201D9 /* Main.storyboard */ = {
			isa = PBXVariantGroup;
			children = (
				C99EE4FA2CCB3D50008201D9 /* Base */,
			);
			name = Main.storyboard;
			sourceTree = "<group>";
		};
/* End PBXVariantGroup section */

/* Begin XCBuildConfiguration section */
		C99EE4F12CCB3D49008201D9 /* Debug */ = {
			isa = XCBuildConfiguration;
			baseConfigurationReference = F6AD2E7585D5E069993FE338 /* Pods-LPeso.debug.xcconfig */;
			buildSettings = {
				ASSETCATALOG_COMPILER_APPICON_NAME = AppIcon;
				ASSETCATALOG_COMPILER_GLOBAL_ACCENT_COLOR_NAME = AccentColor;
				CLANG_ENABLE_MODULES = YES;
				CODE_SIGN_ENTITLEMENTS = LPeso/LPeso.entitlements;
				CODE_SIGN_STYLE = Automatic;
				CURRENT_PROJECT_VERSION = 1;
				DEVELOPMENT_TEAM = V9XF58S4MW;
				ENABLE_USER_SCRIPT_SANDBOXING = NO;
				GENERATE_INFOPLIST_FILE = YES;
				INFOPLIST_FILE = LPeso/Info.plist;
				INFOPLIST_KEY_CFBundleDisplayName = LPeso;
				INFOPLIST_KEY_NSCameraUsageDescription = "If you need to take a photo, we need your camera permissions";
				INFOPLIST_KEY_NSLocationAlwaysAndWhenInUseUsageDescription = "Allows the app to obtain location permissions to provide personalized offers.";
				INFOPLIST_KEY_NSLocationAlwaysUsageDescription = "We collect this information to verify if our services are available in your location.";
				INFOPLIST_KEY_NSLocationWhenInUseUsageDescription = "Allows the app to obtain location permissions to provide personalized offers.";
				INFOPLIST_KEY_NSUserTrackingUsageDescription = "The identifier is used to deliver personalized ads to you";
				INFOPLIST_KEY_UIApplicationSupportsIndirectInputEvents = YES;
				INFOPLIST_KEY_UILaunchStoryboardName = LaunchScreen;
				INFOPLIST_KEY_UIMainStoryboardFile = Main;
				INFOPLIST_KEY_UISupportedInterfaceOrientations = UIInterfaceOrientationPortrait;
				INFOPLIST_KEY_UIUserInterfaceStyle = Light;
				IPHONEOS_DEPLOYMENT_TARGET = 13.0;
				LD_RUNPATH_SEARCH_PATHS = (
					"$(inherited)",
					"@executable_path/Frameworks",
				);
				MARKETING_VERSION = 1.0.0;
				PRODUCT_BUNDLE_IDENTIFIER = com.ksmfafa.ios;
				PRODUCT_NAME = "$(TARGET_NAME)";
				SUPPORTED_PLATFORMS = "iphoneos iphonesimulator";
				SUPPORTS_MACCATALYST = NO;
				SUPPORTS_MAC_DESIGNED_FOR_IPHONE_IPAD = NO;
				SUPPORTS_XR_DESIGNED_FOR_IPHONE_IPAD = NO;
				SWIFT_EMIT_LOC_STRINGS = YES;
				SWIFT_OBJC_BRIDGING_HEADER = "LPeso/Config/LPeso-Bridging-Header.h";
				SWIFT_OPTIMIZATION_LEVEL = "-Onone";
				SWIFT_VERSION = 5.0;
				TARGETED_DEVICE_FAMILY = "1,2";
			};
			name = Debug;
		};
		C99EE4F22CCB3D49008201D9 /* Release */ = {
			isa = XCBuildConfiguration;
			baseConfigurationReference = 7C1DB8736C95FD31D6939C28 /* Pods-LPeso.release.xcconfig */;
			buildSettings = {
				ASSETCATALOG_COMPILER_APPICON_NAME = AppIcon;
				ASSETCATALOG_COMPILER_GLOBAL_ACCENT_COLOR_NAME = AccentColor;
				CLANG_ENABLE_MODULES = YES;
				CODE_SIGN_ENTITLEMENTS = LPeso/LPeso.entitlements;
				CODE_SIGN_STYLE = Automatic;
				CURRENT_PROJECT_VERSION = 1;
				DEVELOPMENT_TEAM = V9XF58S4MW;
				ENABLE_USER_SCRIPT_SANDBOXING = NO;
				GENERATE_INFOPLIST_FILE = YES;
				INFOPLIST_FILE = LPeso/Info.plist;
				INFOPLIST_KEY_CFBundleDisplayName = LPeso;
				INFOPLIST_KEY_NSCameraUsageDescription = "If you need to take a photo, we need your camera permissions";
				INFOPLIST_KEY_NSLocationAlwaysAndWhenInUseUsageDescription = "Allows the app to obtain location permissions to provide personalized offers.";
				INFOPLIST_KEY_NSLocationAlwaysUsageDescription = "We collect this information to verify if our services are available in your location.";
				INFOPLIST_KEY_NSLocationWhenInUseUsageDescription = "Allows the app to obtain location permissions to provide personalized offers.";
				INFOPLIST_KEY_NSUserTrackingUsageDescription = "The identifier is used to deliver personalized ads to you";
				INFOPLIST_KEY_UIApplicationSupportsIndirectInputEvents = YES;
				INFOPLIST_KEY_UILaunchStoryboardName = LaunchScreen;
				INFOPLIST_KEY_UIMainStoryboardFile = Main;
				INFOPLIST_KEY_UISupportedInterfaceOrientations = UIInterfaceOrientationPortrait;
				INFOPLIST_KEY_UIUserInterfaceStyle = Light;
				IPHONEOS_DEPLOYMENT_TARGET = 13.0;
				LD_RUNPATH_SEARCH_PATHS = (
					"$(inherited)",
					"@executable_path/Frameworks",
				);
				MARKETING_VERSION = 1.0.0;
				PRODUCT_BUNDLE_IDENTIFIER = com.ksmfafa.ios;
				PRODUCT_NAME = "$(TARGET_NAME)";
				SUPPORTED_PLATFORMS = "iphoneos iphonesimulator";
				SUPPORTS_MACCATALYST = NO;
				SUPPORTS_MAC_DESIGNED_FOR_IPHONE_IPAD = NO;
				SUPPORTS_XR_DESIGNED_FOR_IPHONE_IPAD = NO;
				SWIFT_EMIT_LOC_STRINGS = YES;
				SWIFT_OBJC_BRIDGING_HEADER = "LPeso/Config/LPeso-Bridging-Header.h";
				SWIFT_VERSION = 5.0;
				TARGETED_DEVICE_FAMILY = "1,2";
			};
			name = Release;
		};
		C99EE4F32CCB3D49008201D9 /* Debug */ = {
			isa = XCBuildConfiguration;
			buildSettings = {
				ALWAYS_SEARCH_USER_PATHS = NO;
				ASSETCATALOG_COMPILER_GENERATE_SWIFT_ASSET_SYMBOL_EXTENSIONS = YES;
				CLANG_ANALYZER_NONNULL = YES;
				CLANG_ANALYZER_NUMBER_OBJECT_CONVERSION = YES_AGGRESSIVE;
				CLANG_CXX_LANGUAGE_STANDARD = "gnu++20";
				CLANG_ENABLE_MODULES = YES;
				CLANG_ENABLE_OBJC_ARC = YES;
				CLANG_ENABLE_OBJC_WEAK = YES;
				CLANG_WARN_BLOCK_CAPTURE_AUTORELEASING = YES;
				CLANG_WARN_BOOL_CONVERSION = YES;
				CLANG_WARN_COMMA = YES;
				CLANG_WARN_CONSTANT_CONVERSION = YES;
				CLANG_WARN_DEPRECATED_OBJC_IMPLEMENTATIONS = YES;
				CLANG_WARN_DIRECT_OBJC_ISA_USAGE = YES_ERROR;
				CLANG_WARN_DOCUMENTATION_COMMENTS = YES;
				CLANG_WARN_EMPTY_BODY = YES;
				CLANG_WARN_ENUM_CONVERSION = YES;
				CLANG_WARN_INFINITE_RECURSION = YES;
				CLANG_WARN_INT_CONVERSION = YES;
				CLANG_WARN_NON_LITERAL_NULL_CONVERSION = YES;
				CLANG_WARN_OBJC_IMPLICIT_RETAIN_SELF = YES;
				CLANG_WARN_OBJC_LITERAL_CONVERSION = YES;
				CLANG_WARN_OBJC_ROOT_CLASS = YES_ERROR;
				CLANG_WARN_QUOTED_INCLUDE_IN_FRAMEWORK_HEADER = YES;
				CLANG_WARN_RANGE_LOOP_ANALYSIS = YES;
				CLANG_WARN_STRICT_PROTOTYPES = YES;
				CLANG_WARN_SUSPICIOUS_MOVE = YES;
				CLANG_WARN_UNGUARDED_AVAILABILITY = YES_AGGRESSIVE;
				CLANG_WARN_UNREACHABLE_CODE = YES;
				CLANG_WARN__DUPLICATE_METHOD_MATCH = YES;
				COPY_PHASE_STRIP = NO;
				DEBUG_INFORMATION_FORMAT = dwarf;
				ENABLE_STRICT_OBJC_MSGSEND = YES;
				ENABLE_TESTABILITY = YES;
				ENABLE_USER_SCRIPT_SANDBOXING = YES;
				GCC_C_LANGUAGE_STANDARD = gnu17;
				GCC_DYNAMIC_NO_PIC = NO;
				GCC_NO_COMMON_BLOCKS = YES;
				GCC_OPTIMIZATION_LEVEL = 0;
				GCC_PREPROCESSOR_DEFINITIONS = (
					"DEBUG=1",
					"$(inherited)",
				);
				GCC_WARN_64_TO_32_BIT_CONVERSION = YES;
				GCC_WARN_ABOUT_RETURN_TYPE = YES_ERROR;
				GCC_WARN_UNDECLARED_SELECTOR = YES;
				GCC_WARN_UNINITIALIZED_AUTOS = YES_AGGRESSIVE;
				GCC_WARN_UNUSED_FUNCTION = YES;
				GCC_WARN_UNUSED_VARIABLE = YES;
				IPHONEOS_DEPLOYMENT_TARGET = 18.0;
				LOCALIZATION_PREFERS_STRING_CATALOGS = YES;
				MTL_ENABLE_DEBUG_INFO = INCLUDE_SOURCE;
				MTL_FAST_MATH = YES;
				ONLY_ACTIVE_ARCH = YES;
				SDKROOT = iphoneos;
				SWIFT_ACTIVE_COMPILATION_CONDITIONS = "DEBUG $(inherited)";
				SWIFT_OPTIMIZATION_LEVEL = "-Onone";
			};
			name = Debug;
		};
		C99EE4F42CCB3D49008201D9 /* Release */ = {
			isa = XCBuildConfiguration;
			buildSettings = {
				ALWAYS_SEARCH_USER_PATHS = NO;
				ASSETCATALOG_COMPILER_GENERATE_SWIFT_ASSET_SYMBOL_EXTENSIONS = YES;
				CLANG_ANALYZER_NONNULL = YES;
				CLANG_ANALYZER_NUMBER_OBJECT_CONVERSION = YES_AGGRESSIVE;
				CLANG_CXX_LANGUAGE_STANDARD = "gnu++20";
				CLANG_ENABLE_MODULES = YES;
				CLANG_ENABLE_OBJC_ARC = YES;
				CLANG_ENABLE_OBJC_WEAK = YES;
				CLANG_WARN_BLOCK_CAPTURE_AUTORELEASING = YES;
				CLANG_WARN_BOOL_CONVERSION = YES;
				CLANG_WARN_COMMA = YES;
				CLANG_WARN_CONSTANT_CONVERSION = YES;
				CLANG_WARN_DEPRECATED_OBJC_IMPLEMENTATIONS = YES;
				CLANG_WARN_DIRECT_OBJC_ISA_USAGE = YES_ERROR;
				CLANG_WARN_DOCUMENTATION_COMMENTS = YES;
				CLANG_WARN_EMPTY_BODY = YES;
				CLANG_WARN_ENUM_CONVERSION = YES;
				CLANG_WARN_INFINITE_RECURSION = YES;
				CLANG_WARN_INT_CONVERSION = YES;
				CLANG_WARN_NON_LITERAL_NULL_CONVERSION = YES;
				CLANG_WARN_OBJC_IMPLICIT_RETAIN_SELF = YES;
				CLANG_WARN_OBJC_LITERAL_CONVERSION = YES;
				CLANG_WARN_OBJC_ROOT_CLASS = YES_ERROR;
				CLANG_WARN_QUOTED_INCLUDE_IN_FRAMEWORK_HEADER = YES;
				CLANG_WARN_RANGE_LOOP_ANALYSIS = YES;
				CLANG_WARN_STRICT_PROTOTYPES = YES;
				CLANG_WARN_SUSPICIOUS_MOVE = YES;
				CLANG_WARN_UNGUARDED_AVAILABILITY = YES_AGGRESSIVE;
				CLANG_WARN_UNREACHABLE_CODE = YES;
				CLANG_WARN__DUPLICATE_METHOD_MATCH = YES;
				COPY_PHASE_STRIP = NO;
				DEBUG_INFORMATION_FORMAT = "dwarf-with-dsym";
				ENABLE_NS_ASSERTIONS = NO;
				ENABLE_STRICT_OBJC_MSGSEND = YES;
				ENABLE_USER_SCRIPT_SANDBOXING = YES;
				GCC_C_LANGUAGE_STANDARD = gnu17;
				GCC_NO_COMMON_BLOCKS = YES;
				GCC_WARN_64_TO_32_BIT_CONVERSION = YES;
				GCC_WARN_ABOUT_RETURN_TYPE = YES_ERROR;
				GCC_WARN_UNDECLARED_SELECTOR = YES;
				GCC_WARN_UNINITIALIZED_AUTOS = YES_AGGRESSIVE;
				GCC_WARN_UNUSED_FUNCTION = YES;
				GCC_WARN_UNUSED_VARIABLE = YES;
				IPHONEOS_DEPLOYMENT_TARGET = 18.0;
				LOCALIZATION_PREFERS_STRING_CATALOGS = YES;
				MTL_ENABLE_DEBUG_INFO = NO;
				MTL_FAST_MATH = YES;
				SDKROOT = iphoneos;
				SWIFT_COMPILATION_MODE = wholemodule;
				VALIDATE_PRODUCT = YES;
			};
			name = Release;
		};
/* End XCBuildConfiguration section */

/* Begin XCConfigurationList section */
		C99EE4D82CCB3D45008201D9 /* Build configuration list for PBXProject "LPeso" */ = {
			isa = XCConfigurationList;
			buildConfigurations = (
				C99EE4F32CCB3D49008201D9 /* Debug */,
				C99EE4F42CCB3D49008201D9 /* Release */,
			);
			defaultConfigurationIsVisible = 0;
			defaultConfigurationName = Release;
		};
		C99EE4F02CCB3D49008201D9 /* Build configuration list for PBXNativeTarget "LPeso" */ = {
			isa = XCConfigurationList;
			buildConfigurations = (
				C99EE4F12CCB3D49008201D9 /* Debug */,
				C99EE4F22CCB3D49008201D9 /* Release */,
			);
			defaultConfigurationIsVisible = 0;
			defaultConfigurationName = Release;
		};
/* End XCConfigurationList section */
	};
	rootObject = C99EE4D52CCB3D45008201D9 /* Project object */;
}
